// !$*UTF8*$!
{
	archiveVersion = 1;
	classes = {
	};
	objectVersion = 55;
	objects = {

/* Begin PBXBuildFile section */
		9EE84F672822882B00DE2433 /* FeedGraph.swift in Sources */ = {isa = PBXBuildFile; fileRef = 9EE84F662822882B00DE2433 /* FeedGraph.swift */; };
		9EE84F6A2822885600DE2433 /* FeedView.swift in Sources */ = {isa = PBXBuildFile; fileRef = 9EE84F692822885600DE2433 /* FeedView.swift */; };
		9EE84F6E282288A700DE2433 /* FeedCell.swift in Sources */ = {isa = PBXBuildFile; fileRef = 9EE84F6D282288A700DE2433 /* FeedCell.swift */; };
		9EE84F70282288FA00DE2433 /* FeedInteractor.swift in Sources */ = {isa = PBXBuildFile; fileRef = 9EE84F6F282288FA00DE2433 /* FeedInteractor.swift */; };
		9EE84F722822890C00DE2433 /* FeedPresenter.swift in Sources */ = {isa = PBXBuildFile; fileRef = 9EE84F712822890C00DE2433 /* FeedPresenter.swift */; };
		9EE84F7928228B1300DE2433 /* ChatsGraph.swift in Sources */ = {isa = PBXBuildFile; fileRef = 9EE84F7828228B1300DE2433 /* ChatsGraph.swift */; };
		9EE84F7B28228B3400DE2433 /* ChatsView.swift in Sources */ = {isa = PBXBuildFile; fileRef = 9EE84F7A28228B3400DE2433 /* ChatsView.swift */; };
		9EE84F7D28228B5600DE2433 /* ChatsInteractor.swift in Sources */ = {isa = PBXBuildFile; fileRef = 9EE84F7C28228B5600DE2433 /* ChatsInteractor.swift */; };
		9EE84F7F28228B6E00DE2433 /* ChatsPresenter.swift in Sources */ = {isa = PBXBuildFile; fileRef = 9EE84F7E28228B6E00DE2433 /* ChatsPresenter.swift */; };
		9EE84F8128228B9100DE2433 /* ChatsCell.swift in Sources */ = {isa = PBXBuildFile; fileRef = 9EE84F8028228B9100DE2433 /* ChatsCell.swift */; };
		9EE84F8528228BE800DE2433 /* ProfileGraph.swift in Sources */ = {isa = PBXBuildFile; fileRef = 9EE84F8428228BE800DE2433 /* ProfileGraph.swift */; };
		9EE84F8828228C0400DE2433 /* ProfileView.swift in Sources */ = {isa = PBXBuildFile; fileRef = 9EE84F8728228C0400DE2433 /* ProfileView.swift */; };
		9EE84F8A28228C1300DE2433 /* ProfileInteractor.swift in Sources */ = {isa = PBXBuildFile; fileRef = 9EE84F8928228C1300DE2433 /* ProfileInteractor.swift */; };
		9EE84F8C28228C2600DE2433 /* ProfilePresenter.swift in Sources */ = {isa = PBXBuildFile; fileRef = 9EE84F8B28228C2600DE2433 /* ProfilePresenter.swift */; };
		9EE84F8E28228C5A00DE2433 /* ProfileCell.swift in Sources */ = {isa = PBXBuildFile; fileRef = 9EE84F8D28228C5A00DE2433 /* ProfileCell.swift */; };
		9EE84F9028228C8D00DE2433 /* OrserDetailsView.swift in Sources */ = {isa = PBXBuildFile; fileRef = 9EE84F8F28228C8D00DE2433 /* OrserDetailsView.swift */; };
		E16E4656281712C800A1F314 /* AppDelegate.swift in Sources */ = {isa = PBXBuildFile; fileRef = E16E4655281712C800A1F314 /* AppDelegate.swift */; };
		E16E4658281712C800A1F314 /* SceneDelegate.swift in Sources */ = {isa = PBXBuildFile; fileRef = E16E4657281712C800A1F314 /* SceneDelegate.swift */; };
		E16E465A281712C800A1F314 /* ViewController.swift in Sources */ = {isa = PBXBuildFile; fileRef = E16E4659281712C800A1F314 /* ViewController.swift */; };
		E16E465F281712CA00A1F314 /* Assets.xcassets in Resources */ = {isa = PBXBuildFile; fileRef = E16E465E281712CA00A1F314 /* Assets.xcassets */; };
		E16E4662281712CA00A1F314 /* LaunchScreen.storyboard in Resources */ = {isa = PBXBuildFile; fileRef = E16E4660281712CA00A1F314 /* LaunchScreen.storyboard */; };
		E19AABFE2822866B00D7CD10 /* LoginView.swift in Sources */ = {isa = PBXBuildFile; fileRef = E19AABFD2822866B00D7CD10 /* LoginView.swift */; };
		E19AAC022822868900D7CD10 /* SignUpView.swift in Sources */ = {isa = PBXBuildFile; fileRef = E19AAC012822868900D7CD10 /* SignUpView.swift */; };
		E1A7CB2928355F900072E44A /* AuthResponse.swift in Sources */ = {isa = PBXBuildFile; fileRef = E1A7CB2828355F900072E44A /* AuthResponse.swift */; };
		E1A7CB2B28355FBD0072E44A /* UserCreds.swift in Sources */ = {isa = PBXBuildFile; fileRef = E1A7CB2A28355FBD0072E44A /* UserCreds.swift */; };
		E1A7CB2E2835623D0072E44A /* Data+Utils.swift in Sources */ = {isa = PBXBuildFile; fileRef = E1A7CB2D2835623D0072E44A /* Data+Utils.swift */; };
		E1A7CB302835625E0072E44A /* URL+Utils.swift in Sources */ = {isa = PBXBuildFile; fileRef = E1A7CB2F2835625E0072E44A /* URL+Utils.swift */; };
		E1AB49ED282EAE9500E51EB8 /* ServiceLocator.swift in Sources */ = {isa = PBXBuildFile; fileRef = E1AB49EC282EAE9500E51EB8 /* ServiceLocator.swift */; };
		E1AB49F0282EAEA800E51EB8 /* Coordinator.swift in Sources */ = {isa = PBXBuildFile; fileRef = E1AB49EF282EAEA800E51EB8 /* Coordinator.swift */; };
		E1AB49F2282EAEB300E51EB8 /* AuthService.swift in Sources */ = {isa = PBXBuildFile; fileRef = E1AB49F1282EAEB300E51EB8 /* AuthService.swift */; };
		E1AB49F4282EAEC100E51EB8 /* ChatService.swift in Sources */ = {isa = PBXBuildFile; fileRef = E1AB49F3282EAEC100E51EB8 /* ChatService.swift */; };
		E1AB49F6282EAEE200E51EB8 /* ProfileService.swift in Sources */ = {isa = PBXBuildFile; fileRef = E1AB49F5282EAEE200E51EB8 /* ProfileService.swift */; };
		E1AB49F8282EAEEF00E51EB8 /* FeedService.swift in Sources */ = {isa = PBXBuildFile; fileRef = E1AB49F7282EAEEF00E51EB8 /* FeedService.swift */; };
		E1AB49FD282EAF3000E51EB8 /* PathFactory.swift in Sources */ = {isa = PBXBuildFile; fileRef = E1AB49FC282EAF3000E51EB8 /* PathFactory.swift */; };
		E1AB49FF282EAF3900E51EB8 /* URLSessionManager.swift in Sources */ = {isa = PBXBuildFile; fileRef = E1AB49FE282EAF3900E51EB8 /* URLSessionManager.swift */; };
		E1AB4A01282EAF4400E51EB8 /* URLSesstionBuilder.swift in Sources */ = {isa = PBXBuildFile; fileRef = E1AB4A00282EAF4400E51EB8 /* URLSesstionBuilder.swift */; };
		E1AB4A03282EAF5100E51EB8 /* RequestAdapter.swift in Sources */ = {isa = PBXBuildFile; fileRef = E1AB4A02282EAF5100E51EB8 /* RequestAdapter.swift */; };
		E1AB4A05282EAF5900E51EB8 /* UserDefaults.swift in Sources */ = {isa = PBXBuildFile; fileRef = E1AB4A04282EAF5900E51EB8 /* UserDefaults.swift */; };
		E1AB4A07282EAF6000E51EB8 /* Error.swift in Sources */ = {isa = PBXBuildFile; fileRef = E1AB4A06282EAF6000E51EB8 /* Error.swift */; };
/* End PBXBuildFile section */

/* Begin PBXFileReference section */
		9EE84F662822882B00DE2433 /* FeedGraph.swift */ = {isa = PBXFileReference; lastKnownFileType = sourcecode.swift; path = FeedGraph.swift; sourceTree = "<group>"; };
		9EE84F692822885600DE2433 /* FeedView.swift */ = {isa = PBXFileReference; lastKnownFileType = sourcecode.swift; path = FeedView.swift; sourceTree = "<group>"; };
		9EE84F6D282288A700DE2433 /* FeedCell.swift */ = {isa = PBXFileReference; lastKnownFileType = sourcecode.swift; path = FeedCell.swift; sourceTree = "<group>"; };
		9EE84F6F282288FA00DE2433 /* FeedInteractor.swift */ = {isa = PBXFileReference; lastKnownFileType = sourcecode.swift; path = FeedInteractor.swift; sourceTree = "<group>"; };
		9EE84F712822890C00DE2433 /* FeedPresenter.swift */ = {isa = PBXFileReference; lastKnownFileType = sourcecode.swift; path = FeedPresenter.swift; sourceTree = "<group>"; };
		9EE84F7828228B1300DE2433 /* ChatsGraph.swift */ = {isa = PBXFileReference; lastKnownFileType = sourcecode.swift; path = ChatsGraph.swift; sourceTree = "<group>"; };
		9EE84F7A28228B3400DE2433 /* ChatsView.swift */ = {isa = PBXFileReference; lastKnownFileType = sourcecode.swift; path = ChatsView.swift; sourceTree = "<group>"; };
		9EE84F7C28228B5600DE2433 /* ChatsInteractor.swift */ = {isa = PBXFileReference; lastKnownFileType = sourcecode.swift; path = ChatsInteractor.swift; sourceTree = "<group>"; };
		9EE84F7E28228B6E00DE2433 /* ChatsPresenter.swift */ = {isa = PBXFileReference; lastKnownFileType = sourcecode.swift; path = ChatsPresenter.swift; sourceTree = "<group>"; };
		9EE84F8028228B9100DE2433 /* ChatsCell.swift */ = {isa = PBXFileReference; lastKnownFileType = sourcecode.swift; path = ChatsCell.swift; sourceTree = "<group>"; };
		9EE84F8428228BE800DE2433 /* ProfileGraph.swift */ = {isa = PBXFileReference; lastKnownFileType = sourcecode.swift; path = ProfileGraph.swift; sourceTree = "<group>"; };
		9EE84F8728228C0400DE2433 /* ProfileView.swift */ = {isa = PBXFileReference; lastKnownFileType = sourcecode.swift; path = ProfileView.swift; sourceTree = "<group>"; };
		9EE84F8928228C1300DE2433 /* ProfileInteractor.swift */ = {isa = PBXFileReference; lastKnownFileType = sourcecode.swift; path = ProfileInteractor.swift; sourceTree = "<group>"; };
		9EE84F8B28228C2600DE2433 /* ProfilePresenter.swift */ = {isa = PBXFileReference; lastKnownFileType = sourcecode.swift; path = ProfilePresenter.swift; sourceTree = "<group>"; };
		9EE84F8D28228C5A00DE2433 /* ProfileCell.swift */ = {isa = PBXFileReference; lastKnownFileType = sourcecode.swift; path = ProfileCell.swift; sourceTree = "<group>"; };
		9EE84F8F28228C8D00DE2433 /* OrserDetailsView.swift */ = {isa = PBXFileReference; lastKnownFileType = sourcecode.swift; path = OrserDetailsView.swift; sourceTree = "<group>"; };
		E16E4652281712C800A1F314 /* course2022_hse_chat.app */ = {isa = PBXFileReference; explicitFileType = wrapper.application; includeInIndex = 0; path = course2022_hse_chat.app; sourceTree = BUILT_PRODUCTS_DIR; };
		E16E4655281712C800A1F314 /* AppDelegate.swift */ = {isa = PBXFileReference; lastKnownFileType = sourcecode.swift; path = AppDelegate.swift; sourceTree = "<group>"; };
		E16E4657281712C800A1F314 /* SceneDelegate.swift */ = {isa = PBXFileReference; lastKnownFileType = sourcecode.swift; path = SceneDelegate.swift; sourceTree = "<group>"; };
		E16E4659281712C800A1F314 /* ViewController.swift */ = {isa = PBXFileReference; lastKnownFileType = sourcecode.swift; path = ViewController.swift; sourceTree = "<group>"; };
		E16E465E281712CA00A1F314 /* Assets.xcassets */ = {isa = PBXFileReference; lastKnownFileType = folder.assetcatalog; path = Assets.xcassets; sourceTree = "<group>"; };
		E16E4661281712CA00A1F314 /* Base */ = {isa = PBXFileReference; lastKnownFileType = file.storyboard; name = Base; path = Base.lproj/LaunchScreen.storyboard; sourceTree = "<group>"; };
		E16E4663281712CA00A1F314 /* Info.plist */ = {isa = PBXFileReference; lastKnownFileType = text.plist.xml; path = Info.plist; sourceTree = "<group>"; };
		E19AABFD2822866B00D7CD10 /* LoginView.swift */ = {isa = PBXFileReference; lastKnownFileType = sourcecode.swift; path = LoginView.swift; sourceTree = "<group>"; };
		E19AAC012822868900D7CD10 /* SignUpView.swift */ = {isa = PBXFileReference; lastKnownFileType = sourcecode.swift; path = SignUpView.swift; sourceTree = "<group>"; };
		E1A7CB2828355F900072E44A /* AuthResponse.swift */ = {isa = PBXFileReference; lastKnownFileType = sourcecode.swift; path = AuthResponse.swift; sourceTree = "<group>"; };
		E1A7CB2A28355FBD0072E44A /* UserCreds.swift */ = {isa = PBXFileReference; lastKnownFileType = sourcecode.swift; path = UserCreds.swift; sourceTree = "<group>"; };
		E1A7CB2D2835623D0072E44A /* Data+Utils.swift */ = {isa = PBXFileReference; lastKnownFileType = sourcecode.swift; path = "Data+Utils.swift"; sourceTree = "<group>"; };
		E1A7CB2F2835625E0072E44A /* URL+Utils.swift */ = {isa = PBXFileReference; lastKnownFileType = sourcecode.swift; path = "URL+Utils.swift"; sourceTree = "<group>"; };
		E1AB49EC282EAE9500E51EB8 /* ServiceLocator.swift */ = {isa = PBXFileReference; lastKnownFileType = sourcecode.swift; path = ServiceLocator.swift; sourceTree = "<group>"; };
		E1AB49EF282EAEA800E51EB8 /* Coordinator.swift */ = {isa = PBXFileReference; lastKnownFileType = sourcecode.swift; path = Coordinator.swift; sourceTree = "<group>"; };
		E1AB49F1282EAEB300E51EB8 /* AuthService.swift */ = {isa = PBXFileReference; lastKnownFileType = sourcecode.swift; path = AuthService.swift; sourceTree = "<group>"; };
		E1AB49F3282EAEC100E51EB8 /* ChatService.swift */ = {isa = PBXFileReference; lastKnownFileType = sourcecode.swift; path = ChatService.swift; sourceTree = "<group>"; };
		E1AB49F5282EAEE200E51EB8 /* ProfileService.swift */ = {isa = PBXFileReference; lastKnownFileType = sourcecode.swift; path = ProfileService.swift; sourceTree = "<group>"; };
		E1AB49F7282EAEEF00E51EB8 /* FeedService.swift */ = {isa = PBXFileReference; lastKnownFileType = sourcecode.swift; path = FeedService.swift; sourceTree = "<group>"; };
		E1AB49FC282EAF3000E51EB8 /* PathFactory.swift */ = {isa = PBXFileReference; lastKnownFileType = sourcecode.swift; path = PathFactory.swift; sourceTree = "<group>"; };
		E1AB49FE282EAF3900E51EB8 /* URLSessionManager.swift */ = {isa = PBXFileReference; lastKnownFileType = sourcecode.swift; path = URLSessionManager.swift; sourceTree = "<group>"; };
		E1AB4A00282EAF4400E51EB8 /* URLSesstionBuilder.swift */ = {isa = PBXFileReference; lastKnownFileType = sourcecode.swift; path = URLSesstionBuilder.swift; sourceTree = "<group>"; };
		E1AB4A02282EAF5100E51EB8 /* RequestAdapter.swift */ = {isa = PBXFileReference; lastKnownFileType = sourcecode.swift; path = RequestAdapter.swift; sourceTree = "<group>"; };
		E1AB4A04282EAF5900E51EB8 /* UserDefaults.swift */ = {isa = PBXFileReference; lastKnownFileType = sourcecode.swift; path = UserDefaults.swift; sourceTree = "<group>"; };
		E1AB4A06282EAF6000E51EB8 /* Error.swift */ = {isa = PBXFileReference; lastKnownFileType = sourcecode.swift; path = Error.swift; sourceTree = "<group>"; };
/* End PBXFileReference section */

/* Begin PBXFrameworksBuildPhase section */
		E16E464F281712C800A1F314 /* Frameworks */ = {
			isa = PBXFrameworksBuildPhase;
			buildActionMask = 2147483647;
			files = (
			);
			runOnlyForDeploymentPostprocessing = 0;
		};
/* End PBXFrameworksBuildPhase section */

/* Begin PBXGroup section */
		9EE84F64282286DC00DE2433 /* Main */ = {
			isa = PBXGroup;
			children = (
				9EE84F7528228ACF00DE2433 /* OrderDetails */,
				9EE84F7428228AC500DE2433 /* Profile */,
				9EE84F7328228AB700DE2433 /* Chats */,
				9EE84F6B2822887600DE2433 /* Feed */,
			);
			path = Main;
			sourceTree = "<group>";
		};
		9EE84F65282287EC00DE2433 /* Table */ = {
			isa = PBXGroup;
			children = (
				9EE84F662822882B00DE2433 /* FeedGraph.swift */,
				9EE84F692822885600DE2433 /* FeedView.swift */,
				9EE84F6F282288FA00DE2433 /* FeedInteractor.swift */,
				9EE84F712822890C00DE2433 /* FeedPresenter.swift */,
			);
			path = Table;
			sourceTree = "<group>";
		};
		9EE84F6B2822887600DE2433 /* Feed */ = {
			isa = PBXGroup;
			children = (
				9EE84F6C2822888400DE2433 /* Cell */,
				9EE84F65282287EC00DE2433 /* Table */,
			);
			path = Feed;
			sourceTree = "<group>";
		};
		9EE84F6C2822888400DE2433 /* Cell */ = {
			isa = PBXGroup;
			children = (
				9EE84F6D282288A700DE2433 /* FeedCell.swift */,
			);
			path = Cell;
			sourceTree = "<group>";
		};
		9EE84F7328228AB700DE2433 /* Chats */ = {
			isa = PBXGroup;
			children = (
				9EE84F7628228AEA00DE2433 /* Cell */,
				9EE84F7728228AF100DE2433 /* Table */,
			);
			path = Chats;
			sourceTree = "<group>";
		};
		9EE84F7428228AC500DE2433 /* Profile */ = {
			isa = PBXGroup;
			children = (
				9EE84F8228228BBD00DE2433 /* Cell */,
				9EE84F8328228BC300DE2433 /* Table */,
			);
			path = Profile;
			sourceTree = "<group>";
		};
		9EE84F7528228ACF00DE2433 /* OrderDetails */ = {
			isa = PBXGroup;
			children = (
				9EE84F8F28228C8D00DE2433 /* OrserDetailsView.swift */,
			);
			path = OrderDetails;
			sourceTree = "<group>";
		};
		9EE84F7628228AEA00DE2433 /* Cell */ = {
			isa = PBXGroup;
			children = (
				9EE84F8028228B9100DE2433 /* ChatsCell.swift */,
			);
			path = Cell;
			sourceTree = "<group>";
		};
		9EE84F7728228AF100DE2433 /* Table */ = {
			isa = PBXGroup;
			children = (
				9EE84F7828228B1300DE2433 /* ChatsGraph.swift */,
				9EE84F7A28228B3400DE2433 /* ChatsView.swift */,
				9EE84F7C28228B5600DE2433 /* ChatsInteractor.swift */,
				9EE84F7E28228B6E00DE2433 /* ChatsPresenter.swift */,
			);
			path = Table;
			sourceTree = "<group>";
		};
		9EE84F8228228BBD00DE2433 /* Cell */ = {
			isa = PBXGroup;
			children = (
				9EE84F8D28228C5A00DE2433 /* ProfileCell.swift */,
			);
			path = Cell;
			sourceTree = "<group>";
		};
		9EE84F8328228BC300DE2433 /* Table */ = {
			isa = PBXGroup;
			children = (
				9EE84F8428228BE800DE2433 /* ProfileGraph.swift */,
				9EE84F8728228C0400DE2433 /* ProfileView.swift */,
				9EE84F8928228C1300DE2433 /* ProfileInteractor.swift */,
				9EE84F8B28228C2600DE2433 /* ProfilePresenter.swift */,
			);
			path = Table;
			sourceTree = "<group>";
		};
		E16E4649281712C800A1F314 = {
			isa = PBXGroup;
			children = (
				E16E4654281712C800A1F314 /* course2022_hse_chat */,
				E16E4653281712C800A1F314 /* Products */,
			);
			sourceTree = "<group>";
		};
		E16E4653281712C800A1F314 /* Products */ = {
			isa = PBXGroup;
			children = (
				E16E4652281712C800A1F314 /* course2022_hse_chat.app */,
			);
			name = Products;
			sourceTree = "<group>";
		};
		E16E4654281712C800A1F314 /* course2022_hse_chat */ = {
			isa = PBXGroup;
			children = (
				E1A7CB2C283562290072E44A /* Utils */,
				E1A7CB2728355F770072E44A /* Entities */,
				E1AB49FB282EAF2300E51EB8 /* CoreLayer */,
				E1AB49EB282EAE6C00E51EB8 /* ServiceLayer */,
				E19AABF72822860700D7CD10 /* UILayer */,
				E16E4655281712C800A1F314 /* AppDelegate.swift */,
				E16E4657281712C800A1F314 /* SceneDelegate.swift */,
				E16E4659281712C800A1F314 /* ViewController.swift */,
				E16E465E281712CA00A1F314 /* Assets.xcassets */,
				E16E4660281712CA00A1F314 /* LaunchScreen.storyboard */,
				E16E4663281712CA00A1F314 /* Info.plist */,
			);
			path = course2022_hse_chat;
			sourceTree = "<group>";
		};
		E19AABF72822860700D7CD10 /* UILayer */ = {
			isa = PBXGroup;
			children = (
				9EE84F64282286DC00DE2433 /* Main */,
				E19AABF82822861200D7CD10 /* Authentication */,
			);
			path = UILayer;
			sourceTree = "<group>";
		};
		E19AABF82822861200D7CD10 /* Authentication */ = {
			isa = PBXGroup;
			children = (
				E19AABFA2822862300D7CD10 /* Login */,
				E19AABF92822861D00D7CD10 /* SignUp */,
			);
			path = Authentication;
			sourceTree = "<group>";
		};
		E19AABF92822861D00D7CD10 /* SignUp */ = {
			isa = PBXGroup;
			children = (
				E19AAC012822868900D7CD10 /* SignUpView.swift */,
			);
			path = SignUp;
			sourceTree = "<group>";
		};
		E19AABFA2822862300D7CD10 /* Login */ = {
			isa = PBXGroup;
			children = (
				E19AABFD2822866B00D7CD10 /* LoginView.swift */,
			);
			path = Login;
			sourceTree = "<group>";
		};
		E1A7CB2728355F770072E44A /* Entities */ = {
			isa = PBXGroup;
			children = (
				E1A7CB2828355F900072E44A /* AuthResponse.swift */,
				E1A7CB2A28355FBD0072E44A /* UserCreds.swift */,
			);
			path = Entities;
			sourceTree = "<group>";
		};
		E1A7CB2C283562290072E44A /* Utils */ = {
			isa = PBXGroup;
			children = (
				E1A7CB2D2835623D0072E44A /* Data+Utils.swift */,
				E1A7CB2F2835625E0072E44A /* URL+Utils.swift */,
			);
			path = Utils;
			sourceTree = "<group>";
		};
		E1AB49EB282EAE6C00E51EB8 /* ServiceLayer */ = {
			isa = PBXGroup;
			children = (
				E1AB49EC282EAE9500E51EB8 /* ServiceLocator.swift */,
				E1AB49EF282EAEA800E51EB8 /* Coordinator.swift */,
				E1AB49F1282EAEB300E51EB8 /* AuthService.swift */,
				E1AB49F3282EAEC100E51EB8 /* ChatService.swift */,
				E1AB49F5282EAEE200E51EB8 /* ProfileService.swift */,
				E1AB49F7282EAEEF00E51EB8 /* FeedService.swift */,
			);
			path = ServiceLayer;
			sourceTree = "<group>";
		};
		E1AB49FB282EAF2300E51EB8 /* CoreLayer */ = {
			isa = PBXGroup;
			children = (
				E1AB49FC282EAF3000E51EB8 /* PathFactory.swift */,
				E1AB49FE282EAF3900E51EB8 /* URLSessionManager.swift */,
				E1AB4A00282EAF4400E51EB8 /* URLSesstionBuilder.swift */,
				E1AB4A02282EAF5100E51EB8 /* RequestAdapter.swift */,
				E1AB4A04282EAF5900E51EB8 /* UserDefaults.swift */,
				E1AB4A06282EAF6000E51EB8 /* Error.swift */,
			);
			path = CoreLayer;
			sourceTree = "<group>";
		};
/* End PBXGroup section */

/* Begin PBXNativeTarget section */
		E16E4651281712C800A1F314 /* course2022_hse_chat */ = {
			isa = PBXNativeTarget;
			buildConfigurationList = E16E4666281712CA00A1F314 /* Build configuration list for PBXNativeTarget "course2022_hse_chat" */;
			buildPhases = (
				E16E464E281712C800A1F314 /* Sources */,
				E16E464F281712C800A1F314 /* Frameworks */,
				E16E4650281712C800A1F314 /* Resources */,
			);
			buildRules = (
			);
			dependencies = (
			);
			name = course2022_hse_chat;
			productName = course2022_hse_chat;
			productReference = E16E4652281712C800A1F314 /* course2022_hse_chat.app */;
			productType = "com.apple.product-type.application";
		};
/* End PBXNativeTarget section */

/* Begin PBXProject section */
		E16E464A281712C800A1F314 /* Project object */ = {
			isa = PBXProject;
			attributes = {
				BuildIndependentTargetsInParallel = 1;
				LastSwiftUpdateCheck = 1310;
				LastUpgradeCheck = 1310;
				TargetAttributes = {
					E16E4651281712C800A1F314 = {
						CreatedOnToolsVersion = 13.1;
					};
				};
			};
			buildConfigurationList = E16E464D281712C800A1F314 /* Build configuration list for PBXProject "course2022_hse_chat" */;
			compatibilityVersion = "Xcode 13.0";
			developmentRegion = en;
			hasScannedForEncodings = 0;
			knownRegions = (
				en,
				Base,
			);
			mainGroup = E16E4649281712C800A1F314;
			productRefGroup = E16E4653281712C800A1F314 /* Products */;
			projectDirPath = "";
			projectRoot = "";
			targets = (
				E16E4651281712C800A1F314 /* course2022_hse_chat */,
			);
		};
/* End PBXProject section */

/* Begin PBXResourcesBuildPhase section */
		E16E4650281712C800A1F314 /* Resources */ = {
			isa = PBXResourcesBuildPhase;
			buildActionMask = 2147483647;
			files = (
				E16E4662281712CA00A1F314 /* LaunchScreen.storyboard in Resources */,
				E16E465F281712CA00A1F314 /* Assets.xcassets in Resources */,
			);
			runOnlyForDeploymentPostprocessing = 0;
		};
/* End PBXResourcesBuildPhase section */

/* Begin PBXSourcesBuildPhase section */
		E16E464E281712C800A1F314 /* Sources */ = {
			isa = PBXSourcesBuildPhase;
			buildActionMask = 2147483647;
			files = (
				E1A7CB2B28355FBD0072E44A /* UserCreds.swift in Sources */,
				9EE84F6A2822885600DE2433 /* FeedView.swift in Sources */,
				E16E465A281712C800A1F314 /* ViewController.swift in Sources */,
				9EE84F6E282288A700DE2433 /* FeedCell.swift in Sources */,
				9EE84F8A28228C1300DE2433 /* ProfileInteractor.swift in Sources */,
				E1AB4A05282EAF5900E51EB8 /* UserDefaults.swift in Sources */,
				9EE84F7D28228B5600DE2433 /* ChatsInteractor.swift in Sources */,
				E1AB49F6282EAEE200E51EB8 /* ProfileService.swift in Sources */,
				9EE84F7928228B1300DE2433 /* ChatsGraph.swift in Sources */,
				9EE84F70282288FA00DE2433 /* FeedInteractor.swift in Sources */,
				9EE84F7B28228B3400DE2433 /* ChatsView.swift in Sources */,
				E1AB49F4282EAEC100E51EB8 /* ChatService.swift in Sources */,
				9EE84F8528228BE800DE2433 /* ProfileGraph.swift in Sources */,
				E1A7CB2E2835623D0072E44A /* Data+Utils.swift in Sources */,
				E19AAC022822868900D7CD10 /* SignUpView.swift in Sources */,
				E1AB49FF282EAF3900E51EB8 /* URLSessionManager.swift in Sources */,
				E16E4656281712C800A1F314 /* AppDelegate.swift in Sources */,
				9EE84F7F28228B6E00DE2433 /* ChatsPresenter.swift in Sources */,
				E1A7CB2928355F900072E44A /* AuthResponse.swift in Sources */,
				E19AABFE2822866B00D7CD10 /* LoginView.swift in Sources */,
				E16E4658281712C800A1F314 /* SceneDelegate.swift in Sources */,
				E1AB49ED282EAE9500E51EB8 /* ServiceLocator.swift in Sources */,
				E1A7CB302835625E0072E44A /* URL+Utils.swift in Sources */,
				E1AB49F8282EAEEF00E51EB8 /* FeedService.swift in Sources */,
				E1AB49F2282EAEB300E51EB8 /* AuthService.swift in Sources */,
				9EE84F8128228B9100DE2433 /* ChatsCell.swift in Sources */,
				9EE84F672822882B00DE2433 /* FeedGraph.swift in Sources */,
				E1AB49FD282EAF3000E51EB8 /* PathFactory.swift in Sources */,
				E1AB49F0282EAEA800E51EB8 /* Coordinator.swift in Sources */,
				E1AB4A07282EAF6000E51EB8 /* Error.swift in Sources */,
				9EE84F8C28228C2600DE2433 /* ProfilePresenter.swift in Sources */,
				9EE84F9028228C8D00DE2433 /* OrserDetailsView.swift in Sources */,
				E1AB4A03282EAF5100E51EB8 /* RequestAdapter.swift in Sources */,
				9EE84F8828228C0400DE2433 /* ProfileView.swift in Sources */,
				E1AB4A01282EAF4400E51EB8 /* URLSesstionBuilder.swift in Sources */,
				9EE84F8E28228C5A00DE2433 /* ProfileCell.swift in Sources */,
				9EE84F722822890C00DE2433 /* FeedPresenter.swift in Sources */,
			);
			runOnlyForDeploymentPostprocessing = 0;
		};
/* End PBXSourcesBuildPhase section */

/* Begin PBXVariantGroup section */
		E16E4660281712CA00A1F314 /* LaunchScreen.storyboard */ = {
			isa = PBXVariantGroup;
			children = (
				E16E4661281712CA00A1F314 /* Base */,
			);
			name = LaunchScreen.storyboard;
			sourceTree = "<group>";
		};
/* End PBXVariantGroup section */

/* Begin XCBuildConfiguration section */
		E16E4664281712CA00A1F314 /* Debug */ = {
			isa = XCBuildConfiguration;
			buildSettings = {
				ALWAYS_SEARCH_USER_PATHS = NO;
				CLANG_ANALYZER_NONNULL = YES;
				CLANG_ANALYZER_NUMBER_OBJECT_CONVERSION = YES_AGGRESSIVE;
				CLANG_CXX_LANGUAGE_STANDARD = "gnu++17";
				CLANG_CXX_LIBRARY = "libc++";
				CLANG_ENABLE_MODULES = YES;
				CLANG_ENABLE_OBJC_ARC = YES;
				CLANG_ENABLE_OBJC_WEAK = YES;
				CLANG_WARN_BLOCK_CAPTURE_AUTORELEASING = YES;
				CLANG_WARN_BOOL_CONVERSION = YES;
				CLANG_WARN_COMMA = YES;
				CLANG_WARN_CONSTANT_CONVERSION = YES;
				CLANG_WARN_DEPRECATED_OBJC_IMPLEMENTATIONS = YES;
				CLANG_WARN_DIRECT_OBJC_ISA_USAGE = YES_ERROR;
				CLANG_WARN_DOCUMENTATION_COMMENTS = YES;
				CLANG_WARN_EMPTY_BODY = YES;
				CLANG_WARN_ENUM_CONVERSION = YES;
				CLANG_WARN_INFINITE_RECURSION = YES;
				CLANG_WARN_INT_CONVERSION = YES;
				CLANG_WARN_NON_LITERAL_NULL_CONVERSION = YES;
				CLANG_WARN_OBJC_IMPLICIT_RETAIN_SELF = YES;
				CLANG_WARN_OBJC_LITERAL_CONVERSION = YES;
				CLANG_WARN_OBJC_ROOT_CLASS = YES_ERROR;
				CLANG_WARN_QUOTED_INCLUDE_IN_FRAMEWORK_HEADER = YES;
				CLANG_WARN_RANGE_LOOP_ANALYSIS = YES;
				CLANG_WARN_STRICT_PROTOTYPES = YES;
				CLANG_WARN_SUSPICIOUS_MOVE = YES;
				CLANG_WARN_UNGUARDED_AVAILABILITY = YES_AGGRESSIVE;
				CLANG_WARN_UNREACHABLE_CODE = YES;
				CLANG_WARN__DUPLICATE_METHOD_MATCH = YES;
				COPY_PHASE_STRIP = NO;
				DEBUG_INFORMATION_FORMAT = dwarf;
				ENABLE_STRICT_OBJC_MSGSEND = YES;
				ENABLE_TESTABILITY = YES;
				GCC_C_LANGUAGE_STANDARD = gnu11;
				GCC_DYNAMIC_NO_PIC = NO;
				GCC_NO_COMMON_BLOCKS = YES;
				GCC_OPTIMIZATION_LEVEL = 0;
				GCC_PREPROCESSOR_DEFINITIONS = (
					"DEBUG=1",
					"$(inherited)",
				);
				GCC_WARN_64_TO_32_BIT_CONVERSION = YES;
				GCC_WARN_ABOUT_RETURN_TYPE = YES_ERROR;
				GCC_WARN_UNDECLARED_SELECTOR = YES;
				GCC_WARN_UNINITIALIZED_AUTOS = YES_AGGRESSIVE;
				GCC_WARN_UNUSED_FUNCTION = YES;
				GCC_WARN_UNUSED_VARIABLE = YES;
				IPHONEOS_DEPLOYMENT_TARGET = 15.0;
				MTL_ENABLE_DEBUG_INFO = INCLUDE_SOURCE;
				MTL_FAST_MATH = YES;
				ONLY_ACTIVE_ARCH = YES;
				SDKROOT = iphoneos;
				SWIFT_ACTIVE_COMPILATION_CONDITIONS = DEBUG;
				SWIFT_OPTIMIZATION_LEVEL = "-Onone";
			};
			name = Debug;
		};
		E16E4665281712CA00A1F314 /* Release */ = {
			isa = XCBuildConfiguration;
			buildSettings = {
				ALWAYS_SEARCH_USER_PATHS = NO;
				CLANG_ANALYZER_NONNULL = YES;
				CLANG_ANALYZER_NUMBER_OBJECT_CONVERSION = YES_AGGRESSIVE;
				CLANG_CXX_LANGUAGE_STANDARD = "gnu++17";
				CLANG_CXX_LIBRARY = "libc++";
				CLANG_ENABLE_MODULES = YES;
				CLANG_ENABLE_OBJC_ARC = YES;
				CLANG_ENABLE_OBJC_WEAK = YES;
				CLANG_WARN_BLOCK_CAPTURE_AUTORELEASING = YES;
				CLANG_WARN_BOOL_CONVERSION = YES;
				CLANG_WARN_COMMA = YES;
				CLANG_WARN_CONSTANT_CONVERSION = YES;
				CLANG_WARN_DEPRECATED_OBJC_IMPLEMENTATIONS = YES;
				CLANG_WARN_DIRECT_OBJC_ISA_USAGE = YES_ERROR;
				CLANG_WARN_DOCUMENTATION_COMMENTS = YES;
				CLANG_WARN_EMPTY_BODY = YES;
				CLANG_WARN_ENUM_CONVERSION = YES;
				CLANG_WARN_INFINITE_RECURSION = YES;
				CLANG_WARN_INT_CONVERSION = YES;
				CLANG_WARN_NON_LITERAL_NULL_CONVERSION = YES;
				CLANG_WARN_OBJC_IMPLICIT_RETAIN_SELF = YES;
				CLANG_WARN_OBJC_LITERAL_CONVERSION = YES;
				CLANG_WARN_OBJC_ROOT_CLASS = YES_ERROR;
				CLANG_WARN_QUOTED_INCLUDE_IN_FRAMEWORK_HEADER = YES;
				CLANG_WARN_RANGE_LOOP_ANALYSIS = YES;
				CLANG_WARN_STRICT_PROTOTYPES = YES;
				CLANG_WARN_SUSPICIOUS_MOVE = YES;
				CLANG_WARN_UNGUARDED_AVAILABILITY = YES_AGGRESSIVE;
				CLANG_WARN_UNREACHABLE_CODE = YES;
				CLANG_WARN__DUPLICATE_METHOD_MATCH = YES;
				COPY_PHASE_STRIP = NO;
				DEBUG_INFORMATION_FORMAT = "dwarf-with-dsym";
				ENABLE_NS_ASSERTIONS = NO;
				ENABLE_STRICT_OBJC_MSGSEND = YES;
				GCC_C_LANGUAGE_STANDARD = gnu11;
				GCC_NO_COMMON_BLOCKS = YES;
				GCC_WARN_64_TO_32_BIT_CONVERSION = YES;
				GCC_WARN_ABOUT_RETURN_TYPE = YES_ERROR;
				GCC_WARN_UNDECLARED_SELECTOR = YES;
				GCC_WARN_UNINITIALIZED_AUTOS = YES_AGGRESSIVE;
				GCC_WARN_UNUSED_FUNCTION = YES;
				GCC_WARN_UNUSED_VARIABLE = YES;
				IPHONEOS_DEPLOYMENT_TARGET = 15.0;
				MTL_ENABLE_DEBUG_INFO = NO;
				MTL_FAST_MATH = YES;
				SDKROOT = iphoneos;
				SWIFT_COMPILATION_MODE = wholemodule;
				SWIFT_OPTIMIZATION_LEVEL = "-O";
				VALIDATE_PRODUCT = YES;
			};
			name = Release;
		};
		E16E4667281712CA00A1F314 /* Debug */ = {
			isa = XCBuildConfiguration;
			buildSettings = {
				ASSETCATALOG_COMPILER_APPICON_NAME = AppIcon;
				ASSETCATALOG_COMPILER_GLOBAL_ACCENT_COLOR_NAME = AccentColor;
				CODE_SIGN_STYLE = Automatic;
				CURRENT_PROJECT_VERSION = 1;
				GENERATE_INFOPLIST_FILE = YES;
				INFOPLIST_FILE = course2022_hse_chat/Info.plist;
				INFOPLIST_KEY_UIApplicationSupportsIndirectInputEvents = YES;
				INFOPLIST_KEY_UILaunchStoryboardName = LaunchScreen;
				INFOPLIST_KEY_UIMainStoryboardFile = Main;
				INFOPLIST_KEY_UISupportedInterfaceOrientations_iPad = "UIInterfaceOrientationPortrait UIInterfaceOrientationPortraitUpsideDown UIInterfaceOrientationLandscapeLeft UIInterfaceOrientationLandscapeRight";
				INFOPLIST_KEY_UISupportedInterfaceOrientations_iPhone = "UIInterfaceOrientationPortrait UIInterfaceOrientationLandscapeLeft UIInterfaceOrientationLandscapeRight";
				LD_RUNPATH_SEARCH_PATHS = (
					"$(inherited)",
					"@executable_path/Frameworks",
				);
				MARKETING_VERSION = 1.0;
				PRODUCT_BUNDLE_IDENTIFIER = "com.ersakh.course2022-hse-chat";
				PRODUCT_NAME = "$(TARGET_NAME)";
				SWIFT_EMIT_LOC_STRINGS = YES;
				SWIFT_VERSION = 5.0;
				TARGETED_DEVICE_FAMILY = "1,2";
			};
			name = Debug;
		};
		E16E4668281712CA00A1F314 /* Release */ = {
			isa = XCBuildConfiguration;
			buildSettings = {
				ASSETCATALOG_COMPILER_APPICON_NAME = AppIcon;
				ASSETCATALOG_COMPILER_GLOBAL_ACCENT_COLOR_NAME = AccentColor;
				CODE_SIGN_STYLE = Automatic;
				CURRENT_PROJECT_VERSION = 1;
				GENERATE_INFOPLIST_FILE = YES;
				INFOPLIST_FILE = course2022_hse_chat/Info.plist;
				INFOPLIST_KEY_UIApplicationSupportsIndirectInputEvents = YES;
				INFOPLIST_KEY_UILaunchStoryboardName = LaunchScreen;
				INFOPLIST_KEY_UIMainStoryboardFile = Main;
				INFOPLIST_KEY_UISupportedInterfaceOrientations_iPad = "UIInterfaceOrientationPortrait UIInterfaceOrientationPortraitUpsideDown UIInterfaceOrientationLandscapeLeft UIInterfaceOrientationLandscapeRight";
				INFOPLIST_KEY_UISupportedInterfaceOrientations_iPhone = "UIInterfaceOrientationPortrait UIInterfaceOrientationLandscapeLeft UIInterfaceOrientationLandscapeRight";
				LD_RUNPATH_SEARCH_PATHS = (
					"$(inherited)",
					"@executable_path/Frameworks",
				);
				MARKETING_VERSION = 1.0;
				PRODUCT_BUNDLE_IDENTIFIER = "com.ersakh.course2022-hse-chat";
				PRODUCT_NAME = "$(TARGET_NAME)";
				SWIFT_EMIT_LOC_STRINGS = YES;
				SWIFT_VERSION = 5.0;
				TARGETED_DEVICE_FAMILY = "1,2";
			};
			name = Release;
		};
/* End XCBuildConfiguration section */

/* Begin XCConfigurationList section */
		E16E464D281712C800A1F314 /* Build configuration list for PBXProject "course2022_hse_chat" */ = {
			isa = XCConfigurationList;
			buildConfigurations = (
				E16E4664281712CA00A1F314 /* Debug */,
				E16E4665281712CA00A1F314 /* Release */,
			);
			defaultConfigurationIsVisible = 0;
			defaultConfigurationName = Release;
		};
		E16E4666281712CA00A1F314 /* Build configuration list for PBXNativeTarget "course2022_hse_chat" */ = {
			isa = XCConfigurationList;
			buildConfigurations = (
				E16E4667281712CA00A1F314 /* Debug */,
				E16E4668281712CA00A1F314 /* Release */,
			);
			defaultConfigurationIsVisible = 0;
			defaultConfigurationName = Release;
		};
/* End XCConfigurationList section */
	};
	rootObject = E16E464A281712C800A1F314 /* Project object */;
}
